
Microsoft Visual Studio Solution File, Format Version 11.00
# Visual Studio 2010
Project("{8BC9CEB8-8B4A-11D0-8D11-00A0C91BC942}") = "trxt.c", "trxt.c\trxt.c.vcxproj", "{9A417DF0-B477-4E87-AC9C-3577C736528F}"
EndProject
Global
	GlobalSection(SolutionConfigurationPlatforms) = preSolution
		Debug|Win32 = Debug|Win32
		Release|Win32 = Release|Win32
	EndGlobalSection
	GlobalSection(ProjectConfigurationPlatforms) = postSolution
		{9A417DF0-B477-4E87-AC9C-3577C736528F}.Debug|Win32.ActiveCfg = Debug|Win32
		{9A417DF0-B477-4E87-AC9C-3577C736528F}.Debug|Win32.Build.0 = Debug|Win32
		{9A417DF0-B477-4E87-AC9C-3577C736528F}.Release|Win32.ActiveCfg = Release|Win32
		{9A417DF0-B477-4E87-AC9C-3577C736528F}.Release|Win32.Build.0 = Release|Win32
	EndGlobalSection
	GlobalSection(SolutionProperties) = preSolution
		HideSolutionNode = FALSE
	EndGlobalSection
EndGlobal
